PODS:
  - InfiniteLayout (0.4.2):
    - InfiniteLayout/Core (= 0.4.2)
  - InfiniteLayout/CocoaProxy (0.4.2)
  - InfiniteLayout/Core (0.4.2):
    - InfiniteLayout/CocoaProxy
  - RxCocoa (5.1.1):
    - RxRelay (~> 5)
    - RxSwift (~> 5)
  - RxRelay (5.1.1):
    - RxSwift (~> 5)
  - RxSwift (5.1.1)
  - SDWebImage (5.8.4):
    - SDWebImage/Core (= 5.8.4)
  - SDWebImage/Core (5.8.4)

DEPENDENCIES:
  - InfiniteLayout
  - RxCocoa
  - RxSwift
  - SDWebImage

SPEC REPOS:
  trunk:
    - InfiniteLayout
    - RxCocoa
    - RxRelay
    - RxSwift
    - SDWebImage

SPEC CHECKSUMS:
  InfiniteLayout: de51cfad9ed480a3e3a0af7d28242d3257c606d9
  RxCocoa: 32065309a38d29b5b0db858819b5bf9ef038b601
  RxRelay: d77f7d771495f43c556cbc43eebd1bb54d01e8e9
  RxSwift: 81470a2074fa8780320ea5fe4102807cb7118178
  SDWebImage: cf6922231e95550934da2ada0f20f2becf2ceba9

PODFILE CHECKSUM: bf6c4c4fd7ffc78c950c30aeb26778d3c16691a4

COCOAPODS: 1.9.1
