// !$*UTF8*$!
{
	archiveVersion = 1;
	classes = {
	};
	objectVersion = 51;
	objects = {

/* Begin PBXBuildFile section */
		4D3AE8D824F16BE700CBB36C /* AppStateStorage.swift in Sources */ = {isa = PBXBuildFile; fileRef = 4D3AE8D724F16BE700CBB36C /* AppStateStorage.swift */; };
		4D3AE8DA24F17C8B00CBB36C /* AppCoordinator.swift in Sources */ = {isa = PBXBuildFile; fileRef = 4D3AE8D924F17C8B00CBB36C /* AppCoordinator.swift */; };
		4D3AE8DC24F1ABAE00CBB36C /* CardsViewController.swift in Sources */ = {isa = PBXBuildFile; fileRef = 4D3AE8DB24F1ABAE00CBB36C /* CardsViewController.swift */; };
		4D3AE8DE24F1BA8B00CBB36C /* CardService.swift in Sources */ = {isa = PBXBuildFile; fileRef = 4D3AE8DD24F1BA8B00CBB36C /* CardService.swift */; };
		4D3AE8E224F1CAB000CBB36C /* InfoViewController.swift in Sources */ = {isa = PBXBuildFile; fileRef = 4D3AE8E124F1CAB000CBB36C /* InfoViewController.swift */; };
		4D3AE8E524F2CBE500CBB36C /* CardCell.swift in Sources */ = {isa = PBXBuildFile; fileRef = 4D3AE8E424F2CBE500CBB36C /* CardCell.swift */; };
		4D3AE8E724F2CBFD00CBB36C /* CardView.swift in Sources */ = {isa = PBXBuildFile; fileRef = 4D3AE8E624F2CBFD00CBB36C /* CardView.swift */; };
		4D8210EA24F055D3007B4ACF /* AppDelegate.swift in Sources */ = {isa = PBXBuildFile; fileRef = 4D8210E924F055D3007B4ACF /* AppDelegate.swift */; };
		4D8210F324F055D8007B4ACF /* Assets.xcassets in Resources */ = {isa = PBXBuildFile; fileRef = 4D8210F224F055D8007B4ACF /* Assets.xcassets */; };
		4D8210F624F055D8007B4ACF /* LaunchScreen.storyboard in Resources */ = {isa = PBXBuildFile; fileRef = 4D8210F424F055D8007B4ACF /* LaunchScreen.storyboard */; };
		4D82110124F055D8007B4ACF /* CardsAppTests.swift in Sources */ = {isa = PBXBuildFile; fileRef = 4D82110024F055D8007B4ACF /* CardsAppTests.swift */; };
		4D853D2A24F05907006BFF7D /* OnboardingViewController.swift in Sources */ = {isa = PBXBuildFile; fileRef = 4D853D2924F05907006BFF7D /* OnboardingViewController.swift */; };
		4FB865D6ECC4AF7778400EE4 /* Pods_CardsApp.framework in Frameworks */ = {isa = PBXBuildFile; fileRef = F955BDB4A83DB6C9F19EFAE3 /* Pods_CardsApp.framework */; };
		5B75BF505CC1ACF78842C054 /* Pods_CardsAppTests.framework in Frameworks */ = {isa = PBXBuildFile; fileRef = EBF528C713DE7435F19D8D5E /* Pods_CardsAppTests.framework */; };
/* End PBXBuildFile section */

/* Begin PBXContainerItemProxy section */
		4D8210FD24F055D8007B4ACF /* PBXContainerItemProxy */ = {
			isa = PBXContainerItemProxy;
			containerPortal = 4D8210DE24F055D2007B4ACF /* Project object */;
			proxyType = 1;
			remoteGlobalIDString = 4D8210E524F055D3007B4ACF;
			remoteInfo = CardsApp;
		};
/* End PBXContainerItemProxy section */

/* Begin PBXFileReference section */
		077DF9803D9094E3C9807D11 /* Pods-CardsAppTests.debug.xcconfig */ = {isa = PBXFileReference; includeInIndex = 1; lastKnownFileType = text.xcconfig; name = "Pods-CardsAppTests.debug.xcconfig"; path = "Target Support Files/Pods-CardsAppTests/Pods-CardsAppTests.debug.xcconfig"; sourceTree = "<group>"; };
		3B1407499FC781321E3B4D8C /* Pods-CardsApp.debug.xcconfig */ = {isa = PBXFileReference; includeInIndex = 1; lastKnownFileType = text.xcconfig; name = "Pods-CardsApp.debug.xcconfig"; path = "Target Support Files/Pods-CardsApp/Pods-CardsApp.debug.xcconfig"; sourceTree = "<group>"; };
		4D3AE8D724F16BE700CBB36C /* AppStateStorage.swift */ = {isa = PBXFileReference; lastKnownFileType = sourcecode.swift; path = AppStateStorage.swift; sourceTree = "<group>"; };
		4D3AE8D924F17C8B00CBB36C /* AppCoordinator.swift */ = {isa = PBXFileReference; lastKnownFileType = sourcecode.swift; path = AppCoordinator.swift; sourceTree = "<group>"; };
		4D3AE8DB24F1ABAE00CBB36C /* CardsViewController.swift */ = {isa = PBXFileReference; lastKnownFileType = sourcecode.swift; path = CardsViewController.swift; sourceTree = "<group>"; };
		4D3AE8DD24F1BA8B00CBB36C /* CardService.swift */ = {isa = PBXFileReference; lastKnownFileType = sourcecode.swift; path = CardService.swift; sourceTree = "<group>"; };
		4D3AE8E124F1CAB000CBB36C /* InfoViewController.swift */ = {isa = PBXFileReference; lastKnownFileType = sourcecode.swift; path = InfoViewController.swift; sourceTree = "<group>"; };
		4D3AE8E424F2CBE500CBB36C /* CardCell.swift */ = {isa = PBXFileReference; lastKnownFileType = sourcecode.swift; path = CardCell.swift; sourceTree = "<group>"; };
		4D3AE8E624F2CBFD00CBB36C /* CardView.swift */ = {isa = PBXFileReference; lastKnownFileType = sourcecode.swift; path = CardView.swift; sourceTree = "<group>"; };
		4D8210E624F055D3007B4ACF /* CardsApp.app */ = {isa = PBXFileReference; explicitFileType = wrapper.application; includeInIndex = 0; path = CardsApp.app; sourceTree = BUILT_PRODUCTS_DIR; };
		4D8210E924F055D3007B4ACF /* AppDelegate.swift */ = {isa = PBXFileReference; lastKnownFileType = sourcecode.swift; path = AppDelegate.swift; sourceTree = "<group>"; };
		4D8210F224F055D8007B4ACF /* Assets.xcassets */ = {isa = PBXFileReference; lastKnownFileType = folder.assetcatalog; path = Assets.xcassets; sourceTree = "<group>"; };
		4D8210F524F055D8007B4ACF /* Base */ = {isa = PBXFileReference; lastKnownFileType = file.storyboard; name = Base; path = Base.lproj/LaunchScreen.storyboard; sourceTree = "<group>"; };
		4D8210F724F055D8007B4ACF /* Info.plist */ = {isa = PBXFileReference; lastKnownFileType = text.plist.xml; path = Info.plist; sourceTree = "<group>"; };
		4D8210FC24F055D8007B4ACF /* CardsAppTests.xctest */ = {isa = PBXFileReference; explicitFileType = wrapper.cfbundle; includeInIndex = 0; path = CardsAppTests.xctest; sourceTree = BUILT_PRODUCTS_DIR; };
		4D82110024F055D8007B4ACF /* CardsAppTests.swift */ = {isa = PBXFileReference; lastKnownFileType = sourcecode.swift; path = CardsAppTests.swift; sourceTree = "<group>"; };
		4D82110224F055D8007B4ACF /* Info.plist */ = {isa = PBXFileReference; lastKnownFileType = text.plist.xml; path = Info.plist; sourceTree = "<group>"; };
		4D853D2924F05907006BFF7D /* OnboardingViewController.swift */ = {isa = PBXFileReference; lastKnownFileType = sourcecode.swift; path = OnboardingViewController.swift; sourceTree = "<group>"; };
		A929F984F86F8FC3E0363FB7 /* Pods-CardsAppTests.release.xcconfig */ = {isa = PBXFileReference; includeInIndex = 1; lastKnownFileType = text.xcconfig; name = "Pods-CardsAppTests.release.xcconfig"; path = "Target Support Files/Pods-CardsAppTests/Pods-CardsAppTests.release.xcconfig"; sourceTree = "<group>"; };
		EBF528C713DE7435F19D8D5E /* Pods_CardsAppTests.framework */ = {isa = PBXFileReference; explicitFileType = wrapper.framework; includeInIndex = 0; path = Pods_CardsAppTests.framework; sourceTree = BUILT_PRODUCTS_DIR; };
		EE6D6EEBD94C3479FFFD3A70 /* Pods-CardsApp.release.xcconfig */ = {isa = PBXFileReference; includeInIndex = 1; lastKnownFileType = text.xcconfig; name = "Pods-CardsApp.release.xcconfig"; path = "Target Support Files/Pods-CardsApp/Pods-CardsApp.release.xcconfig"; sourceTree = "<group>"; };
		F955BDB4A83DB6C9F19EFAE3 /* Pods_CardsApp.framework */ = {isa = PBXFileReference; explicitFileType = wrapper.framework; includeInIndex = 0; path = Pods_CardsApp.framework; sourceTree = BUILT_PRODUCTS_DIR; };
/* End PBXFileReference section */

/* Begin PBXFrameworksBuildPhase section */
		4D8210E324F055D3007B4ACF /* Frameworks */ = {
			isa = PBXFrameworksBuildPhase;
			buildActionMask = 2147483647;
			files = (
				4FB865D6ECC4AF7778400EE4 /* Pods_CardsApp.framework in Frameworks */,
			);
			runOnlyForDeploymentPostprocessing = 0;
		};
		4D8210F924F055D8007B4ACF /* Frameworks */ = {
			isa = PBXFrameworksBuildPhase;
			buildActionMask = 2147483647;
			files = (
				5B75BF505CC1ACF78842C054 /* Pods_CardsAppTests.framework in Frameworks */,
			);
			runOnlyForDeploymentPostprocessing = 0;
		};
/* End PBXFrameworksBuildPhase section */

/* Begin PBXGroup section */
		4D3AE8E324F2CBD500CBB36C /* CardViews */ = {
			isa = PBXGroup;
			children = (
				4D3AE8E424F2CBE500CBB36C /* CardCell.swift */,
				4D3AE8E624F2CBFD00CBB36C /* CardView.swift */,
			);
			name = CardViews;
			sourceTree = "<group>";
		};
		4D8210DD24F055D2007B4ACF = {
			isa = PBXGroup;
			children = (
				4D8210E824F055D3007B4ACF /* CardsApp */,
				4D8210FF24F055D8007B4ACF /* CardsAppTests */,
				4D8210E724F055D3007B4ACF /* Products */,
				A5286EBD7204C16B57A4147E /* Pods */,
				E99EDACC703D54A242CFD8FA /* Frameworks */,
			);
			sourceTree = "<group>";
		};
		4D8210E724F055D3007B4ACF /* Products */ = {
			isa = PBXGroup;
			children = (
				4D8210E624F055D3007B4ACF /* CardsApp.app */,
				4D8210FC24F055D8007B4ACF /* CardsAppTests.xctest */,
			);
			name = Products;
			sourceTree = "<group>";
		};
		4D8210E824F055D3007B4ACF /* CardsApp */ = {
			isa = PBXGroup;
			children = (
				4D3AE8E324F2CBD500CBB36C /* CardViews */,
				4D3AE8D924F17C8B00CBB36C /* AppCoordinator.swift */,
				4D8210E924F055D3007B4ACF /* AppDelegate.swift */,
				4D3AE8D724F16BE700CBB36C /* AppStateStorage.swift */,
				4D3AE8DD24F1BA8B00CBB36C /* CardService.swift */,
				4D3AE8DB24F1ABAE00CBB36C /* CardsViewController.swift */,
				4D3AE8E124F1CAB000CBB36C /* InfoViewController.swift */,
				4D853D2924F05907006BFF7D /* OnboardingViewController.swift */,
				4D853D2B24F05941006BFF7D /* Configs */,
			);
			path = CardsApp;
			sourceTree = "<group>";
		};
		4D8210FF24F055D8007B4ACF /* CardsAppTests */ = {
			isa = PBXGroup;
			children = (
				4D82110024F055D8007B4ACF /* CardsAppTests.swift */,
				4D82110224F055D8007B4ACF /* Info.plist */,
			);
			path = CardsAppTests;
			sourceTree = "<group>";
		};
		4D853D2B24F05941006BFF7D /* Configs */ = {
			isa = PBXGroup;
			children = (
				4D8210F224F055D8007B4ACF /* Assets.xcassets */,
				4D8210F724F055D8007B4ACF /* Info.plist */,
				4D8210F424F055D8007B4ACF /* LaunchScreen.storyboard */,
			);
			name = Configs;
			sourceTree = "<group>";
		};
		A5286EBD7204C16B57A4147E /* Pods */ = {
			isa = PBXGroup;
			children = (
				3B1407499FC781321E3B4D8C /* Pods-CardsApp.debug.xcconfig */,
				EE6D6EEBD94C3479FFFD3A70 /* Pods-CardsApp.release.xcconfig */,
				077DF9803D9094E3C9807D11 /* Pods-CardsAppTests.debug.xcconfig */,
				A929F984F86F8FC3E0363FB7 /* Pods-CardsAppTests.release.xcconfig */,
			);
			path = Pods;
			sourceTree = "<group>";
		};
		E99EDACC703D54A242CFD8FA /* Frameworks */ = {
			isa = PBXGroup;
			children = (
				F955BDB4A83DB6C9F19EFAE3 /* Pods_CardsApp.framework */,
				EBF528C713DE7435F19D8D5E /* Pods_CardsAppTests.framework */,
			);
			name = Frameworks;
			sourceTree = "<group>";
		};
/* End PBXGroup section */

/* Begin PBXNativeTarget section */
		4D8210E524F055D3007B4ACF /* CardsApp */ = {
			isa = PBXNativeTarget;
			buildConfigurationList = 4D82110524F055D9007B4ACF /* Build configuration list for PBXNativeTarget "CardsApp" */;
			buildPhases = (
				1A93677FC3E489DA739E1F09 /* [CP] Check Pods Manifest.lock */,
				4D8210E224F055D3007B4ACF /* Sources */,
				4D8210E324F055D3007B4ACF /* Frameworks */,
				4D8210E424F055D3007B4ACF /* Resources */,
				3E841C4412C71DE13C2777E8 /* [CP] Embed Pods Frameworks */,
			);
			buildRules = (
			);
			dependencies = (
			);
			name = CardsApp;
			productName = CardsApp;
			productReference = 4D8210E624F055D3007B4ACF /* CardsApp.app */;
			productType = "com.apple.product-type.application";
		};
		4D8210FB24F055D8007B4ACF /* CardsAppTests */ = {
			isa = PBXNativeTarget;
			buildConfigurationList = 4D82110824F055D9007B4ACF /* Build configuration list for PBXNativeTarget "CardsAppTests" */;
			buildPhases = (
				52E965BD2596D3558D0760CB /* [CP] Check Pods Manifest.lock */,
				4D8210F824F055D8007B4ACF /* Sources */,
				4D8210F924F055D8007B4ACF /* Frameworks */,
				4D8210FA24F055D8007B4ACF /* Resources */,
			);
			buildRules = (
			);
			dependencies = (
				4D8210FE24F055D8007B4ACF /* PBXTargetDependency */,
			);
			name = CardsAppTests;
			productName = CardsAppTests;
			productReference = 4D8210FC24F055D8007B4ACF /* CardsAppTests.xctest */;
			productType = "com.apple.product-type.bundle.unit-test";
		};
/* End PBXNativeTarget section */

/* Begin PBXProject section */
		4D8210DE24F055D2007B4ACF /* Project object */ = {
			isa = PBXProject;
			attributes = {
				LastSwiftUpdateCheck = 1160;
				LastUpgradeCheck = 1160;
				ORGANIZATIONNAME = "Agranat Mark";
				TargetAttributes = {
					4D8210E524F055D3007B4ACF = {
						CreatedOnToolsVersion = 11.6;
					};
					4D8210FB24F055D8007B4ACF = {
						CreatedOnToolsVersion = 11.6;
						TestTargetID = 4D8210E524F055D3007B4ACF;
					};
				};
			};
			buildConfigurationList = 4D8210E124F055D2007B4ACF /* Build configuration list for PBXProject "CardsApp" */;
			compatibilityVersion = "Xcode 9.3";
			developmentRegion = en;
			hasScannedForEncodings = 0;
			knownRegions = (
				en,
				Base,
			);
			mainGroup = 4D8210DD24F055D2007B4ACF;
			productRefGroup = 4D8210E724F055D3007B4ACF /* Products */;
			projectDirPath = "";
			projectRoot = "";
			targets = (
				4D8210E524F055D3007B4ACF /* CardsApp */,
				4D8210FB24F055D8007B4ACF /* CardsAppTests */,
			);
		};
/* End PBXProject section */

/* Begin PBXResourcesBuildPhase section */
		4D8210E424F055D3007B4ACF /* Resources */ = {
			isa = PBXResourcesBuildPhase;
			buildActionMask = 2147483647;
			files = (
				4D8210F624F055D8007B4ACF /* LaunchScreen.storyboard in Resources */,
				4D8210F324F055D8007B4ACF /* Assets.xcassets in Resources */,
			);
			runOnlyForDeploymentPostprocessing = 0;
		};
		4D8210FA24F055D8007B4ACF /* Resources */ = {
			isa = PBXResourcesBuildPhase;
			buildActionMask = 2147483647;
			files = (
			);
			runOnlyForDeploymentPostprocessing = 0;
		};
/* End PBXResourcesBuildPhase section */

/* Begin PBXShellScriptBuildPhase section */
		1A93677FC3E489DA739E1F09 /* [CP] Check Pods Manifest.lock */ = {
			isa = PBXShellScriptBuildPhase;
			buildActionMask = 2147483647;
			files = (
			);
			inputFileListPaths = (
			);
			inputPaths = (
				"${PODS_PODFILE_DIR_PATH}/Podfile.lock",
				"${PODS_ROOT}/Manifest.lock",
			);
			name = "[CP] Check Pods Manifest.lock";
			outputFileListPaths = (
			);
			outputPaths = (
				"$(DERIVED_FILE_DIR)/Pods-CardsApp-checkManifestLockResult.txt",
			);
			runOnlyForDeploymentPostprocessing = 0;
			shellPath = /bin/sh;
			shellScript = "diff \"${PODS_PODFILE_DIR_PATH}/Podfile.lock\" \"${PODS_ROOT}/Manifest.lock\" > /dev/null\nif [ $? != 0 ] ; then\n    # print error to STDERR\n    echo \"error: The sandbox is not in sync with the Podfile.lock. Run 'pod install' or update your CocoaPods installation.\" >&2\n    exit 1\nfi\n# This output is used by Xcode 'outputs' to avoid re-running this script phase.\necho \"SUCCESS\" > \"${SCRIPT_OUTPUT_FILE_0}\"\n";
			showEnvVarsInLog = 0;
		};
		3E841C4412C71DE13C2777E8 /* [CP] Embed Pods Frameworks */ = {
			isa = PBXShellScriptBuildPhase;
			buildActionMask = 2147483647;
			files = (
			);
			inputFileListPaths = (
				"${PODS_ROOT}/Target Support Files/Pods-CardsApp/Pods-CardsApp-frameworks-${CONFIGURATION}-input-files.xcfilelist",
			);
			name = "[CP] Embed Pods Frameworks";
			outputFileListPaths = (
				"${PODS_ROOT}/Target Support Files/Pods-CardsApp/Pods-CardsApp-frameworks-${CONFIGURATION}-output-files.xcfilelist",
			);
			runOnlyForDeploymentPostprocessing = 0;
			shellPath = /bin/sh;
			shellScript = "\"${PODS_ROOT}/Target Support Files/Pods-CardsApp/Pods-CardsApp-frameworks.sh\"\n";
			showEnvVarsInLog = 0;
		};
		52E965BD2596D3558D0760CB /* [CP] Check Pods Manifest.lock */ = {
			isa = PBXShellScriptBuildPhase;
			buildActionMask = 2147483647;
			files = (
			);
			inputFileListPaths = (
			);
			inputPaths = (
				"${PODS_PODFILE_DIR_PATH}/Podfile.lock",
				"${PODS_ROOT}/Manifest.lock",
			);
			name = "[CP] Check Pods Manifest.lock";
			outputFileListPaths = (
			);
			outputPaths = (
				"$(DERIVED_FILE_DIR)/Pods-CardsAppTests-checkManifestLockResult.txt",
			);
			runOnlyForDeploymentPostprocessing = 0;
			shellPath = /bin/sh;
			shellScript = "diff \"${PODS_PODFILE_DIR_PATH}/Podfile.lock\" \"${PODS_ROOT}/Manifest.lock\" > /dev/null\nif [ $? != 0 ] ; then\n    # print error to STDERR\n    echo \"error: The sandbox is not in sync with the Podfile.lock. Run 'pod install' or update your CocoaPods installation.\" >&2\n    exit 1\nfi\n# This output is used by Xcode 'outputs' to avoid re-running this script phase.\necho \"SUCCESS\" > \"${SCRIPT_OUTPUT_FILE_0}\"\n";
			showEnvVarsInLog = 0;
		};
/* End PBXShellScriptBuildPhase section */

/* Begin PBXSourcesBuildPhase section */
		4D8210E224F055D3007B4ACF /* Sources */ = {
			isa = PBXSourcesBuildPhase;
			buildActionMask = 2147483647;
			files = (
				4D3AE8DA24F17C8B00CBB36C /* AppCoordinator.swift in Sources */,
				4D3AE8E724F2CBFD00CBB36C /* CardView.swift in Sources */,
				4D3AE8DE24F1BA8B00CBB36C /* CardService.swift in Sources */,
				4D8210EA24F055D3007B4ACF /* AppDelegate.swift in Sources */,
				4D3AE8E524F2CBE500CBB36C /* CardCell.swift in Sources */,
				4D3AE8E224F1CAB000CBB36C /* InfoViewController.swift in Sources */,
				4D3AE8DC24F1ABAE00CBB36C /* CardsViewController.swift in Sources */,
				4D3AE8D824F16BE700CBB36C /* AppStateStorage.swift in Sources */,
				4D853D2A24F05907006BFF7D /* OnboardingViewController.swift in Sources */,
			);
			runOnlyForDeploymentPostprocessing = 0;
		};
		4D8210F824F055D8007B4ACF /* Sources */ = {
			isa = PBXSourcesBuildPhase;
			buildActionMask = 2147483647;
			files = (
				4D82110124F055D8007B4ACF /* CardsAppTests.swift in Sources */,
			);
			runOnlyForDeploymentPostprocessing = 0;
		};
/* End PBXSourcesBuildPhase section */

/* Begin PBXTargetDependency section */
		4D8210FE24F055D8007B4ACF /* PBXTargetDependency */ = {
			isa = PBXTargetDependency;
			target = 4D8210E524F055D3007B4ACF /* CardsApp */;
			targetProxy = 4D8210FD24F055D8007B4ACF /* PBXContainerItemProxy */;
		};
/* End PBXTargetDependency section */

/* Begin PBXVariantGroup section */
		4D8210F424F055D8007B4ACF /* LaunchScreen.storyboard */ = {
			isa = PBXVariantGroup;
			children = (
				4D8210F524F055D8007B4ACF /* Base */,
			);
			name = LaunchScreen.storyboard;
			sourceTree = "<group>";
		};
/* End PBXVariantGroup section */

/* Begin XCBuildConfiguration section */
		4D82110324F055D9007B4ACF /* Debug */ = {
			isa = XCBuildConfiguration;
			buildSettings = {
				ALWAYS_SEARCH_USER_PATHS = NO;
				CLANG_ANALYZER_NONNULL = YES;
				CLANG_ANALYZER_NUMBER_OBJECT_CONVERSION = YES_AGGRESSIVE;
				CLANG_CXX_LANGUAGE_STANDARD = "gnu++14";
				CLANG_CXX_LIBRARY = "libc++";
				CLANG_ENABLE_MODULES = YES;
				CLANG_ENABLE_OBJC_ARC = YES;
				CLANG_ENABLE_OBJC_WEAK = YES;
				CLANG_WARN_BLOCK_CAPTURE_AUTORELEASING = YES;
				CLANG_WARN_BOOL_CONVERSION = YES;
				CLANG_WARN_COMMA = YES;
				CLANG_WARN_CONSTANT_CONVERSION = YES;
				CLANG_WARN_DEPRECATED_OBJC_IMPLEMENTATIONS = YES;
				CLANG_WARN_DIRECT_OBJC_ISA_USAGE = YES_ERROR;
				CLANG_WARN_DOCUMENTATION_COMMENTS = YES;
				CLANG_WARN_EMPTY_BODY = YES;
				CLANG_WARN_ENUM_CONVERSION = YES;
				CLANG_WARN_INFINITE_RECURSION = YES;
				CLANG_WARN_INT_CONVERSION = YES;
				CLANG_WARN_NON_LITERAL_NULL_CONVERSION = YES;
				CLANG_WARN_OBJC_IMPLICIT_RETAIN_SELF = YES;
				CLANG_WARN_OBJC_LITERAL_CONVERSION = YES;
				CLANG_WARN_OBJC_ROOT_CLASS = YES_ERROR;
				CLANG_WARN_RANGE_LOOP_ANALYSIS = YES;
				CLANG_WARN_STRICT_PROTOTYPES = YES;
				CLANG_WARN_SUSPICIOUS_MOVE = YES;
				CLANG_WARN_UNGUARDED_AVAILABILITY = YES_AGGRESSIVE;
				CLANG_WARN_UNREACHABLE_CODE = YES;
				CLANG_WARN__DUPLICATE_METHOD_MATCH = YES;
				COPY_PHASE_STRIP = NO;
				DEBUG_INFORMATION_FORMAT = dwarf;
				ENABLE_STRICT_OBJC_MSGSEND = YES;
				ENABLE_TESTABILITY = YES;
				GCC_C_LANGUAGE_STANDARD = gnu11;
				GCC_DYNAMIC_NO_PIC = NO;
				GCC_NO_COMMON_BLOCKS = YES;
				GCC_OPTIMIZATION_LEVEL = 0;
				GCC_PREPROCESSOR_DEFINITIONS = (
					"DEBUG=1",
					"$(inherited)",
				);
				GCC_WARN_64_TO_32_BIT_CONVERSION = YES;
				GCC_WARN_ABOUT_RETURN_TYPE = YES_ERROR;
				GCC_WARN_UNDECLARED_SELECTOR = YES;
				GCC_WARN_UNINITIALIZED_AUTOS = YES_AGGRESSIVE;
				GCC_WARN_UNUSED_FUNCTION = YES;
				GCC_WARN_UNUSED_VARIABLE = YES;
				IPHONEOS_DEPLOYMENT_TARGET = 13.6;
				MTL_ENABLE_DEBUG_INFO = INCLUDE_SOURCE;
				MTL_FAST_MATH = YES;
				ONLY_ACTIVE_ARCH = YES;
				SDKROOT = iphoneos;
				SWIFT_ACTIVE_COMPILATION_CONDITIONS = DEBUG;
				SWIFT_OPTIMIZATION_LEVEL = "-Onone";
			};
			name = Debug;
		};
		4D82110424F055D9007B4ACF /* Release */ = {
			isa = XCBuildConfiguration;
			buildSettings = {
				ALWAYS_SEARCH_USER_PATHS = NO;
				CLANG_ANALYZER_NONNULL = YES;
				CLANG_ANALYZER_NUMBER_OBJECT_CONVERSION = YES_AGGRESSIVE;
				CLANG_CXX_LANGUAGE_STANDARD = "gnu++14";
				CLANG_CXX_LIBRARY = "libc++";
				CLANG_ENABLE_MODULES = YES;
				CLANG_ENABLE_OBJC_ARC = YES;
				CLANG_ENABLE_OBJC_WEAK = YES;
				CLANG_WARN_BLOCK_CAPTURE_AUTORELEASING = YES;
				CLANG_WARN_BOOL_CONVERSION = YES;
				CLANG_WARN_COMMA = YES;
				CLANG_WARN_CONSTANT_CONVERSION = YES;
				CLANG_WARN_DEPRECATED_OBJC_IMPLEMENTATIONS = YES;
				CLANG_WARN_DIRECT_OBJC_ISA_USAGE = YES_ERROR;
				CLANG_WARN_DOCUMENTATION_COMMENTS = YES;
				CLANG_WARN_EMPTY_BODY = YES;
				CLANG_WARN_ENUM_CONVERSION = YES;
				CLANG_WARN_INFINITE_RECURSION = YES;
				CLANG_WARN_INT_CONVERSION = YES;
				CLANG_WARN_NON_LITERAL_NULL_CONVERSION = YES;
				CLANG_WARN_OBJC_IMPLICIT_RETAIN_SELF = YES;
				CLANG_WARN_OBJC_LITERAL_CONVERSION = YES;
				CLANG_WARN_OBJC_ROOT_CLASS = YES_ERROR;
				CLANG_WARN_RANGE_LOOP_ANALYSIS = YES;
				CLANG_WARN_STRICT_PROTOTYPES = YES;
				CLANG_WARN_SUSPICIOUS_MOVE = YES;
				CLANG_WARN_UNGUARDED_AVAILABILITY = YES_AGGRESSIVE;
				CLANG_WARN_UNREACHABLE_CODE = YES;
				CLANG_WARN__DUPLICATE_METHOD_MATCH = YES;
				COPY_PHASE_STRIP = NO;
				DEBUG_INFORMATION_FORMAT = "dwarf-with-dsym";
				ENABLE_NS_ASSERTIONS = NO;
				ENABLE_STRICT_OBJC_MSGSEND = YES;
				GCC_C_LANGUAGE_STANDARD = gnu11;
				GCC_NO_COMMON_BLOCKS = YES;
				GCC_WARN_64_TO_32_BIT_CONVERSION = YES;
				GCC_WARN_ABOUT_RETURN_TYPE = YES_ERROR;
				GCC_WARN_UNDECLARED_SELECTOR = YES;
				GCC_WARN_UNINITIALIZED_AUTOS = YES_AGGRESSIVE;
				GCC_WARN_UNUSED_FUNCTION = YES;
				GCC_WARN_UNUSED_VARIABLE = YES;
				IPHONEOS_DEPLOYMENT_TARGET = 13.6;
				MTL_ENABLE_DEBUG_INFO = NO;
				MTL_FAST_MATH = YES;
				SDKROOT = iphoneos;
				SWIFT_COMPILATION_MODE = wholemodule;
				SWIFT_OPTIMIZATION_LEVEL = "-O";
				VALIDATE_PRODUCT = YES;
			};
			name = Release;
		};
		4D82110624F055D9007B4ACF /* Debug */ = {
			isa = XCBuildConfiguration;
			baseConfigurationReference = 3B1407499FC781321E3B4D8C /* Pods-CardsApp.debug.xcconfig */;
			buildSettings = {
				ASSETCATALOG_COMPILER_APPICON_NAME = AppIcon;
				CODE_SIGN_STYLE = Automatic;
				DEVELOPMENT_TEAM = 95GSDCWS4D;
				INFOPLIST_FILE = CardsApp/Info.plist;
				LD_RUNPATH_SEARCH_PATHS = (
					"$(inherited)",
					"@executable_path/Frameworks",
				);
				PRODUCT_BUNDLE_IDENTIFIER = agranat.mark.it.CardsApp;
				PRODUCT_NAME = "$(TARGET_NAME)";
				SWIFT_VERSION = 5.0;
				TARGETED_DEVICE_FAMILY = "1,2";
			};
			name = Debug;
		};
		4D82110724F055D9007B4ACF /* Release */ = {
			isa = XCBuildConfiguration;
			baseConfigurationReference = EE6D6EEBD94C3479FFFD3A70 /* Pods-CardsApp.release.xcconfig */;
			buildSettings = {
				ASSETCATALOG_COMPILER_APPICON_NAME = AppIcon;
				CODE_SIGN_STYLE = Automatic;
				DEVELOPMENT_TEAM = 95GSDCWS4D;
				INFOPLIST_FILE = CardsApp/Info.plist;
				LD_RUNPATH_SEARCH_PATHS = (
					"$(inherited)",
					"@executable_path/Frameworks",
				);
				PRODUCT_BUNDLE_IDENTIFIER = agranat.mark.it.CardsApp;
				PRODUCT_NAME = "$(TARGET_NAME)";
				SWIFT_VERSION = 5.0;
				TARGETED_DEVICE_FAMILY = "1,2";
			};
			name = Release;
		};
		4D82110924F055D9007B4ACF /* Debug */ = {
			isa = XCBuildConfiguration;
			baseConfigurationReference = 077DF9803D9094E3C9807D11 /* Pods-CardsAppTests.debug.xcconfig */;
			buildSettings = {
				ALWAYS_EMBED_SWIFT_STANDARD_LIBRARIES = YES;
				BUNDLE_LOADER = "$(TEST_HOST)";
				CODE_SIGN_STYLE = Automatic;
				DEVELOPMENT_TEAM = 95GSDCWS4D;
				INFOPLIST_FILE = CardsAppTests/Info.plist;
				IPHONEOS_DEPLOYMENT_TARGET = 13.6;
				LD_RUNPATH_SEARCH_PATHS = (
					"$(inherited)",
					"@executable_path/Frameworks",
					"@loader_path/Frameworks",
				);
				PRODUCT_BUNDLE_IDENTIFIER = agranat.mark.it.CardsAppTests;
				PRODUCT_NAME = "$(TARGET_NAME)";
				SWIFT_VERSION = 5.0;
				TARGETED_DEVICE_FAMILY = "1,2";
				TEST_HOST = "$(BUILT_PRODUCTS_DIR)/CardsApp.app/CardsApp";
			};
			name = Debug;
		};
		4D82110A24F055D9007B4ACF /* Release */ = {
			isa = XCBuildConfiguration;
			baseConfigurationReference = A929F984F86F8FC3E0363FB7 /* Pods-CardsAppTests.release.xcconfig */;
			buildSettings = {
				ALWAYS_EMBED_SWIFT_STANDARD_LIBRARIES = YES;
				BUNDLE_LOADER = "$(TEST_HOST)";
				CODE_SIGN_STYLE = Automatic;
				DEVELOPMENT_TEAM = 95GSDCWS4D;
				INFOPLIST_FILE = CardsAppTests/Info.plist;
				IPHONEOS_DEPLOYMENT_TARGET = 13.6;
				LD_RUNPATH_SEARCH_PATHS = (
					"$(inherited)",
					"@executable_path/Frameworks",
					"@loader_path/Frameworks",
				);
				PRODUCT_BUNDLE_IDENTIFIER = agranat.mark.it.CardsAppTests;
				PRODUCT_NAME = "$(TARGET_NAME)";
				SWIFT_VERSION = 5.0;
				TARGETED_DEVICE_FAMILY = "1,2";
				TEST_HOST = "$(BUILT_PRODUCTS_DIR)/CardsApp.app/CardsApp";
			};
			name = Release;
		};
/* End XCBuildConfiguration section */

/* Begin XCConfigurationList section */
		4D8210E124F055D2007B4ACF /* Build configuration list for PBXProject "CardsApp" */ = {
			isa = XCConfigurationList;
			buildConfigurations = (
				4D82110324F055D9007B4ACF /* Debug */,
				4D82110424F055D9007B4ACF /* Release */,
			);
			defaultConfigurationIsVisible = 0;
			defaultConfigurationName = Release;
		};
		4D82110524F055D9007B4ACF /* Build configuration list for PBXNativeTarget "CardsApp" */ = {
			isa = XCConfigurationList;
			buildConfigurations = (
				4D82110624F055D9007B4ACF /* Debug */,
				4D82110724F055D9007B4ACF /* Release */,
			);
			defaultConfigurationIsVisible = 0;
			defaultConfigurationName = Release;
		};
		4D82110824F055D9007B4ACF /* Build configuration list for PBXNativeTarget "CardsAppTests" */ = {
			isa = XCConfigurationList;
			buildConfigurations = (
				4D82110924F055D9007B4ACF /* Debug */,
				4D82110A24F055D9007B4ACF /* Release */,
			);
			defaultConfigurationIsVisible = 0;
			defaultConfigurationName = Release;
		};
/* End XCConfigurationList section */
	};
	rootObject = 4D8210DE24F055D2007B4ACF /* Project object */;
}
